// !$*UTF8*$!
{
	archiveVersion = 1;
	classes = {
	};
	objectVersion = 50;
	objects = {

/* Begin PBXBuildFile section */
		D0670026212BFB9400FE469C /* AppDelegate.swift in Sources */ = {isa = PBXBuildFile; fileRef = D0670025212BFB9400FE469C /* AppDelegate.swift */; };
		D0670028212BFB9400FE469C /* ViewController.swift in Sources */ = {isa = PBXBuildFile; fileRef = D0670027212BFB9400FE469C /* ViewController.swift */; };
		D067002B212BFB9400FE469C /* Main.storyboard in Resources */ = {isa = PBXBuildFile; fileRef = D0670029212BFB9400FE469C /* Main.storyboard */; };
		D067002D212BFB9600FE469C /* Assets.xcassets in Resources */ = {isa = PBXBuildFile; fileRef = D067002C212BFB9600FE469C /* Assets.xcassets */; };
		D0670030212BFB9600FE469C /* LaunchScreen.storyboard in Resources */ = {isa = PBXBuildFile; fileRef = D067002E212BFB9600FE469C /* LaunchScreen.storyboard */; };
		D0670039212C02B700FE469C /* ringtone.caf in Resources */ = {isa = PBXBuildFile; fileRef = D0670038212C02B700FE469C /* ringtone.caf */; };
/* End PBXBuildFile section */

/* Begin PBXFileReference section */
		D0670022212BFB9400FE469C /* VOIPSampleApp.app */ = {isa = PBXFileReference; explicitFileType = wrapper.application; includeInIndex = 0; path = VOIPSampleApp.app; sourceTree = BUILT_PRODUCTS_DIR; };
		D0670025212BFB9400FE469C /* AppDelegate.swift */ = {isa = PBXFileReference; lastKnownFileType = sourcecode.swift; path = AppDelegate.swift; sourceTree = "<group>"; };
		D0670027212BFB9400FE469C /* ViewController.swift */ = {isa = PBXFileReference; lastKnownFileType = sourcecode.swift; path = ViewController.swift; sourceTree = "<group>"; };
		D067002A212BFB9400FE469C /* Base */ = {isa = PBXFileReference; lastKnownFileType = file.storyboard; name = Base; path = Base.lproj/Main.storyboard; sourceTree = "<group>"; };
		D067002C212BFB9600FE469C /* Assets.xcassets */ = {isa = PBXFileReference; lastKnownFileType = folder.assetcatalog; path = Assets.xcassets; sourceTree = "<group>"; };
		D067002F212BFB9600FE469C /* Base */ = {isa = PBXFileReference; lastKnownFileType = file.storyboard; name = Base; path = Base.lproj/LaunchScreen.storyboard; sourceTree = "<group>"; };
		D0670031212BFB9600FE469C /* Info.plist */ = {isa = PBXFileReference; lastKnownFileType = text.plist.xml; path = Info.plist; sourceTree = "<group>"; };
		D0670037212BFD9800FE469C /* VOIPSampleApp.entitlements */ = {isa = PBXFileReference; lastKnownFileType = text.plist.entitlements; path = VOIPSampleApp.entitlements; sourceTree = "<group>"; };
		D0670038212C02B700FE469C /* ringtone.caf */ = {isa = PBXFileReference; lastKnownFileType = file; path = ringtone.caf; sourceTree = "<group>"; };
/* End PBXFileReference section */

/* Begin PBXFrameworksBuildPhase section */
		D067001F212BFB9400FE469C /* Frameworks */ = {
			isa = PBXFrameworksBuildPhase;
			buildActionMask = 2147483647;
			files = (
			);
			runOnlyForDeploymentPostprocessing = 0;
		};
/* End PBXFrameworksBuildPhase section */

/* Begin PBXGroup section */
		D0670019212BFB9400FE469C = {
			isa = PBXGroup;
			children = (
				D0670024212BFB9400FE469C /* VOIPSampleApp */,
				D0670023212BFB9400FE469C /* Products */,
			);
			sourceTree = "<group>";
		};
		D0670023212BFB9400FE469C /* Products */ = {
			isa = PBXGroup;
			children = (
				D0670022212BFB9400FE469C /* VOIPSampleApp.app */,
			);
			name = Products;
			sourceTree = "<group>";
		};
		D0670024212BFB9400FE469C /* VOIPSampleApp */ = {
			isa = PBXGroup;
			children = (
				D0670038212C02B700FE469C /* ringtone.caf */,
				D0670037212BFD9800FE469C /* VOIPSampleApp.entitlements */,
				D0670025212BFB9400FE469C /* AppDelegate.swift */,
				D0670027212BFB9400FE469C /* ViewController.swift */,
				D0670029212BFB9400FE469C /* Main.storyboard */,
				D067002C212BFB9600FE469C /* Assets.xcassets */,
				D067002E212BFB9600FE469C /* LaunchScreen.storyboard */,
				D0670031212BFB9600FE469C /* Info.plist */,
			);
			path = VOIPSampleApp;
			sourceTree = "<group>";
		};
/* End PBXGroup section */

/* Begin PBXNativeTarget section */
		D0670021212BFB9400FE469C /* VOIPSampleApp */ = {
			isa = PBXNativeTarget;
			buildConfigurationList = D0670034212BFB9600FE469C /* Build configuration list for PBXNativeTarget "VOIPSampleApp" */;
			buildPhases = (
				D067001E212BFB9400FE469C /* Sources */,
				D067001F212BFB9400FE469C /* Frameworks */,
				D0670020212BFB9400FE469C /* Resources */,
			);
			buildRules = (
			);
			dependencies = (
			);
			name = VOIPSampleApp;
			productName = VOIPSampleApp;
			productReference = D0670022212BFB9400FE469C /* VOIPSampleApp.app */;
			productType = "com.apple.product-type.application";
		};
/* End PBXNativeTarget section */

/* Begin PBXProject section */
		D067001A212BFB9400FE469C /* Project object */ = {
			isa = PBXProject;
			attributes = {
				LastSwiftUpdateCheck = 0940;
				LastUpgradeCheck = 0940;
				ORGANIZATIONNAME = "Toor, Sanju";
				TargetAttributes = {
					D0670021212BFB9400FE469C = {
						CreatedOnToolsVersion = 9.4.1;
						SystemCapabilities = {
							com.apple.Push = {
								enabled = 1;
							};
						};
					};
				};
			};
			buildConfigurationList = D067001D212BFB9400FE469C /* Build configuration list for PBXProject "VOIPSampleApp" */;
			compatibilityVersion = "Xcode 9.3";
			developmentRegion = en;
			hasScannedForEncodings = 0;
			knownRegions = (
				en,
				Base,
			);
			mainGroup = D0670019212BFB9400FE469C;
			productRefGroup = D0670023212BFB9400FE469C /* Products */;
			projectDirPath = "";
			projectRoot = "";
			targets = (
				D0670021212BFB9400FE469C /* VOIPSampleApp */,
			);
		};
/* End PBXProject section */

/* Begin PBXResourcesBuildPhase section */
		D0670020212BFB9400FE469C /* Resources */ = {
			isa = PBXResourcesBuildPhase;
			buildActionMask = 2147483647;
			files = (
				D0670030212BFB9600FE469C /* LaunchScreen.storyboard in Resources */,
				D067002D212BFB9600FE469C /* Assets.xcassets in Resources */,
				D0670039212C02B700FE469C /* ringtone.caf in Resources */,
				D067002B212BFB9400FE469C /* Main.storyboard in Resources */,
			);
			runOnlyForDeploymentPostprocessing = 0;
		};
/* End PBXResourcesBuildPhase section */

/* Begin PBXSourcesBuildPhase section */
		D067001E212BFB9400FE469C /* Sources */ = {
			isa = PBXSourcesBuildPhase;
			buildActionMask = 2147483647;
			files = (
				D0670028212BFB9400FE469C /* ViewController.swift in Sources */,
				D0670026212BFB9400FE469C /* AppDelegate.swift in Sources */,
			);
			runOnlyForDeploymentPostprocessing = 0;
		};
/* End PBXSourcesBuildPhase section */

/* Begin PBXVariantGroup section */
		D0670029212BFB9400FE469C /* Main.storyboard */ = {
			isa = PBXVariantGroup;
			children = (
				D067002A212BFB9400FE469C /* Base */,
			);
			name = Main.storyboard;
			sourceTree = "<group>";
		};
		D067002E212BFB9600FE469C /* LaunchScreen.storyboard */ = {
			isa = PBXVariantGroup;
			children = (
				D067002F212BFB9600FE469C /* Base */,
			);
			name = LaunchScreen.storyboard;
			sourceTree = "<group>";
		};
/* End PBXVariantGroup section */

/* Begin XCBuildConfiguration section */
		D0670032212BFB9600FE469C /* Debug */ = {
			isa = XCBuildConfiguration;
			buildSettings = {
				ALWAYS_SEARCH_USER_PATHS = NO;
				CLANG_ANALYZER_NONNULL = YES;
				CLANG_ANALYZER_NUMBER_OBJECT_CONVERSION = YES_AGGRESSIVE;
				CLANG_CXX_LANGUAGE_STANDARD = "gnu++14";
				CLANG_CXX_LIBRARY = "libc++";
				CLANG_ENABLE_MODULES = YES;
				CLANG_ENABLE_OBJC_ARC = YES;
				CLANG_ENABLE_OBJC_WEAK = YES;
				CLANG_WARN_BLOCK_CAPTURE_AUTORELEASING = YES;
				CLANG_WARN_BOOL_CONVERSION = YES;
				CLANG_WARN_COMMA = YES;
				CLANG_WARN_CONSTANT_CONVERSION = YES;
				CLANG_WARN_DEPRECATED_OBJC_IMPLEMENTATIONS = YES;
				CLANG_WARN_DIRECT_OBJC_ISA_USAGE = YES_ERROR;
				CLANG_WARN_DOCUMENTATION_COMMENTS = YES;
				CLANG_WARN_EMPTY_BODY = YES;
				CLANG_WARN_ENUM_CONVERSION = YES;
				CLANG_WARN_INFINITE_RECURSION = YES;
				CLANG_WARN_INT_CONVERSION = YES;
				CLANG_WARN_NON_LITERAL_NULL_CONVERSION = YES;
				CLANG_WARN_OBJC_IMPLICIT_RETAIN_SELF = YES;
				CLANG_WARN_OBJC_LITERAL_CONVERSION = YES;
				CLANG_WARN_OBJC_ROOT_CLASS = YES_ERROR;
				CLANG_WARN_RANGE_LOOP_ANALYSIS = YES;
				CLANG_WARN_STRICT_PROTOTYPES = YES;
				CLANG_WARN_SUSPICIOUS_MOVE = YES;
				CLANG_WARN_UNGUARDED_AVAILABILITY = YES_AGGRESSIVE;
				CLANG_WARN_UNREACHABLE_CODE = YES;
				CLANG_WARN__DUPLICATE_METHOD_MATCH = YES;
				CODE_SIGN_IDENTITY = "iPhone Developer";
				COPY_PHASE_STRIP = NO;
				DEBUG_INFORMATION_FORMAT = dwarf;
				ENABLE_STRICT_OBJC_MSGSEND = YES;
				ENABLE_TESTABILITY = YES;
				GCC_C_LANGUAGE_STANDARD = gnu11;
				GCC_DYNAMIC_NO_PIC = NO;
				GCC_NO_COMMON_BLOCKS = YES;
				GCC_OPTIMIZATION_LEVEL = 0;
				GCC_PREPROCESSOR_DEFINITIONS = (
					"DEBUG=1",
					"$(inherited)",
				);
				GCC_WARN_64_TO_32_BIT_CONVERSION = YES;
				GCC_WARN_ABOUT_RETURN_TYPE = YES_ERROR;
				GCC_WARN_UNDECLARED_SELECTOR = YES;
				GCC_WARN_UNINITIALIZED_AUTOS = YES_AGGRESSIVE;
				GCC_WARN_UNUSED_FUNCTION = YES;
				GCC_WARN_UNUSED_VARIABLE = YES;
				IPHONEOS_DEPLOYMENT_TARGET = 11.4;
				MTL_ENABLE_DEBUG_INFO = YES;
				ONLY_ACTIVE_ARCH = YES;
				SDKROOT = iphoneos;
				SWIFT_ACTIVE_COMPILATION_CONDITIONS = DEBUG;
				SWIFT_OPTIMIZATION_LEVEL = "-Onone";
			};
			name = Debug;
		};
		D0670033212BFB9600FE469C /* Release */ = {
			isa = XCBuildConfiguration;
			buildSettings = {
				ALWAYS_SEARCH_USER_PATHS = NO;
				CLANG_ANALYZER_NONNULL = YES;
				CLANG_ANALYZER_NUMBER_OBJECT_CONVERSION = YES_AGGRESSIVE;
				CLANG_CXX_LANGUAGE_STANDARD = "gnu++14";
				CLANG_CXX_LIBRARY = "libc++";
				CLANG_ENABLE_MODULES = YES;
				CLANG_ENABLE_OBJC_ARC = YES;
				CLANG_ENABLE_OBJC_WEAK = YES;
				CLANG_WARN_BLOCK_CAPTURE_AUTORELEASING = YES;
				CLANG_WARN_BOOL_CONVERSION = YES;
				CLANG_WARN_COMMA = YES;
				CLANG_WARN_CONSTANT_CONVERSION = YES;
				CLANG_WARN_DEPRECATED_OBJC_IMPLEMENTATIONS = YES;
				CLANG_WARN_DIRECT_OBJC_ISA_USAGE = YES_ERROR;
				CLANG_WARN_DOCUMENTATION_COMMENTS = YES;
				CLANG_WARN_EMPTY_BODY = YES;
				CLANG_WARN_ENUM_CONVERSION = YES;
				CLANG_WARN_INFINITE_RECURSION = YES;
				CLANG_WARN_INT_CONVERSION = YES;
				CLANG_WARN_NON_LITERAL_NULL_CONVERSION = YES;
				CLANG_WARN_OBJC_IMPLICIT_RETAIN_SELF = YES;
				CLANG_WARN_OBJC_LITERAL_CONVERSION = YES;
				CLANG_WARN_OBJC_ROOT_CLASS = YES_ERROR;
				CLANG_WARN_RANGE_LOOP_ANALYSIS = YES;
				CLANG_WARN_STRICT_PROTOTYPES = YES;
				CLANG_WARN_SUSPICIOUS_MOVE = YES;
				CLANG_WARN_UNGUARDED_AVAILABILITY = YES_AGGRESSIVE;
				CLANG_WARN_UNREACHABLE_CODE = YES;
				CLANG_WARN__DUPLICATE_METHOD_MATCH = YES;
				CODE_SIGN_IDENTITY = "iPhone Developer";
				COPY_PHASE_STRIP = NO;
				DEBUG_INFORMATION_FORMAT = "dwarf-with-dsym";
				ENABLE_NS_ASSERTIONS = NO;
				ENABLE_STRICT_OBJC_MSGSEND = YES;
				GCC_C_LANGUAGE_STANDARD = gnu11;
				GCC_NO_COMMON_BLOCKS = YES;
				GCC_WARN_64_TO_32_BIT_CONVERSION = YES;
				GCC_WARN_ABOUT_RETURN_TYPE = YES_ERROR;
				GCC_WARN_UNDECLARED_SELECTOR = YES;
				GCC_WARN_UNINITIALIZED_AUTOS = YES_AGGRESSIVE;
				GCC_WARN_UNUSED_FUNCTION = YES;
				GCC_WARN_UNUSED_VARIABLE = YES;
				IPHONEOS_DEPLOYMENT_TARGET = 11.4;
				MTL_ENABLE_DEBUG_INFO = NO;
				SDKROOT = iphoneos;
				SWIFT_COMPILATION_MODE = wholemodule;
				SWIFT_OPTIMIZATION_LEVEL = "-O";
				VALIDATE_PRODUCT = YES;
			};
			name = Release;
		};
		D0670035212BFB9600FE469C /* Debug */ = {
			isa = XCBuildConfiguration;
			buildSettings = {
				ASSETCATALOG_COMPILER_APPICON_NAME = AppIcon;
				CODE_SIGN_ENTITLEMENTS = VOIPSampleApp/VOIPSampleApp.entitlements;
				CODE_SIGN_STYLE = Automatic;
				DEVELOPMENT_TEAM = BXL73SAJUU;
				INFOPLIST_FILE = VOIPSampleApp/Info.plist;
				IPHONEOS_DEPLOYMENT_TARGET = 11.0;
				LD_RUNPATH_SEARCH_PATHS = (
					"$(inherited)",
					"@executable_path/Frameworks",
				);
				PRODUCT_BUNDLE_IDENTIFIER = com.harman.mcptt;
				PRODUCT_NAME = "$(TARGET_NAME)";
				SWIFT_VERSION = 4.0;
				TARGETED_DEVICE_FAMILY = "1,2";
			};
			name = Debug;
		};
		D0670036212BFB9600FE469C /* Release */ = {
			isa = XCBuildConfiguration;
			buildSettings = {
				ASSETCATALOG_COMPILER_APPICON_NAME = AppIcon;
				CODE_SIGN_ENTITLEMENTS = VOIPSampleApp/VOIPSampleApp.entitlements;
				CODE_SIGN_STYLE = Automatic;
				DEVELOPMENT_TEAM = BXL73SAJUU;
				INFOPLIST_FILE = VOIPSampleApp/Info.plist;
				IPHONEOS_DEPLOYMENT_TARGET = 11.0;
				LD_RUNPATH_SEARCH_PATHS = (
					"$(inherited)",
					"@executable_path/Frameworks",
				);
				PRODUCT_BUNDLE_IDENTIFIER = com.harman.mcptt;
				PRODUCT_NAME = "$(TARGET_NAME)";
				SWIFT_VERSION = 4.0;
				TARGETED_DEVICE_FAMILY = "1,2";
			};
			name = Release;
		};
/* End XCBuildConfiguration section */

/* Begin XCConfigurationList section */
		D067001D212BFB9400FE469C /* Build configuration list for PBXProject "VOIPSampleApp" */ = {
			isa = XCConfigurationList;
			buildConfigurations = (
				D0670032212BFB9600FE469C /* Debug */,
				D0670033212BFB9600FE469C /* Release */,
			);
			defaultConfigurationIsVisible = 0;
			defaultConfigurationName = Release;
		};
		D0670034212BFB9600FE469C /* Build configuration list for PBXNativeTarget "VOIPSampleApp" */ = {
			isa = XCConfigurationList;
			buildConfigurations = (
				D0670035212BFB9600FE469C /* Debug */,
				D0670036212BFB9600FE469C /* Release */,
			);
			defaultConfigurationIsVisible = 0;
			defaultConfigurationName = Release;
		};
/* End XCConfigurationList section */
	};
	rootObject = D067001A212BFB9400FE469C /* Project object */;
}
